
Microsoft Visual Studio Solution File, Format Version 12.00
# Visual Studio Version 17
VisualStudioVersion = 17.9.34723.18
MinimumVisualStudioVersion = 10.0.40219.1
Project("{FAE04EC0-301F-11D3-BF4B-00C04F79EFBC}") = "BankAppUsingControllers", "BankAppUsingControllers\BankAppUsingControllers.csproj", "{FAE414DC-8906-4631-A5CA-59A92FB69B51}"
EndProject
Global
	GlobalSection(SolutionConfigurationPlatforms) = preSolution
		Debug|Any CPU = Debug|Any CPU
		Release|Any CPU = Release|Any CPU
	EndGlobalSection
	GlobalSection(ProjectConfigurationPlatforms) = postSolution
		{FAE414DC-8906-4631-A5CA-59A92FB69B51}.Debug|Any CPU.ActiveCfg = Debug|Any CPU
		{FAE414DC-8906-4631-A5CA-59A92FB69B51}.Debug|Any CPU.Build.0 = Debug|Any CPU
		{FAE414DC-8906-4631-A5CA-59A92FB69B51}.Release|Any CPU.ActiveCfg = Release|Any CPU
		{FAE414DC-8906-4631-A5CA-59A92FB69B51}.Release|Any CPU.Build.0 = Release|Any CPU
	EndGlobalSection
	GlobalSection(SolutionProperties) = preSolution
		HideSolutionNode = FALSE
	EndGlobalSection
	GlobalSection(ExtensibilityGlobals) = postSolution
		SolutionGuid = {8AD172A6-CEFB-439E-BEFE-D0B528B45F9C}
	EndGlobalSection
EndGlobal
